
Microsoft Visual Studio Solution File, Format Version 10.00
# Visual Studio 2008
Project("{FAE04EC0-301F-11D3-BF4B-00C04F79EFBC}") = "Problem 7", "Problem 7\Problem 7.csproj", "{9AB74C53-6F0E-414D-8949-A8C0536E0310}"
EndProject
Global
	GlobalSection(SolutionConfigurationPlatforms) = preSolution
		Debug|Any CPU = Debug|Any CPU
		Release|Any CPU = Release|Any CPU
	EndGlobalSection
	GlobalSection(ProjectConfigurationPlatforms) = postSolution
		{9AB74C53-6F0E-414D-8949-A8C0536E0310}.Debug|Any CPU.ActiveCfg = Debug|Any CPU
		{9AB74C53-6F0E-414D-8949-A8C0536E0310}.Debug|Any CPU.Build.0 = Debug|Any CPU
		{9AB74C53-6F0E-414D-8949-A8C0536E0310}.Release|Any CPU.ActiveCfg = Release|Any CPU
		{9AB74C53-6F0E-414D-8949-A8C0536E0310}.Release|Any CPU.Build.0 = Release|Any CPU
	EndGlobalSection
	GlobalSection(SolutionProperties) = preSolution
		HideSolutionNode = FALSE
	EndGlobalSection
EndGlobal
